// !$*UTF8*$!
{
	archiveVersion = 1;
	classes = {
	};
	objectVersion = 48;
	objects = {

/* Begin PBXBuildFile section */
		7F0829F9201D9EBA008719EC /* AppDelegate.swift in Sources */ = {isa = PBXBuildFile; fileRef = 7F0829F8201D9EBA008719EC /* AppDelegate.swift */; };
		7F0829FB201D9EBA008719EC /* ViewController.swift in Sources */ = {isa = PBXBuildFile; fileRef = 7F0829FA201D9EBA008719EC /* ViewController.swift */; };
		7F0829FE201D9EBA008719EC /* Main.storyboard in Resources */ = {isa = PBXBuildFile; fileRef = 7F0829FC201D9EBA008719EC /* Main.storyboard */; };
		7F082A00201D9EBA008719EC /* Assets.xcassets in Resources */ = {isa = PBXBuildFile; fileRef = 7F0829FF201D9EBA008719EC /* Assets.xcassets */; };
		7F082A03201D9EBA008719EC /* LaunchScreen.storyboard in Resources */ = {isa = PBXBuildFile; fileRef = 7F082A01201D9EBA008719EC /* LaunchScreen.storyboard */; };
		7F082A0B201DC6E0008719EC /* ZLSwipeableViewSwift.framework in Frameworks */ = {isa = PBXBuildFile; fileRef = 7F082A0A201DC6E0008719EC /* ZLSwipeableViewSwift.framework */; };
		7F082A0D201DC7D7008719EC /* CardView.swift in Sources */ = {isa = PBXBuildFile; fileRef = 7F082A0C201DC7D7008719EC /* CardView.swift */; };
		7F082A15201E8D1E008719EC /* ProfileView.xib in Resources */ = {isa = PBXBuildFile; fileRef = 7F082A14201E8D1E008719EC /* ProfileView.xib */; };
		7F082A17201E9B7F008719EC /* Model.swift in Sources */ = {isa = PBXBuildFile; fileRef = 7F082A16201E9B7F008719EC /* Model.swift */; };
		7F082A19201E9B9D008719EC /* team.json in Resources */ = {isa = PBXBuildFile; fileRef = 7F082A18201E9B9D008719EC /* team.json */; };
		7F082A1B201E9DF7008719EC /* ProfileView.swift in Sources */ = {isa = PBXBuildFile; fileRef = 7F082A1A201E9DF7008719EC /* ProfileView.swift */; };
		7FD0467B202176270023FA6B /* BackView.xib in Resources */ = {isa = PBXBuildFile; fileRef = 7FD0467A202176270023FA6B /* BackView.xib */; };
		7FD0467D20217A520023FA6B /* BackCardView.swift in Sources */ = {isa = PBXBuildFile; fileRef = 7FD0467C20217A520023FA6B /* BackCardView.swift */; };
		948AFA6B47AB53B0BC65FD95 /* Pods_CFB.framework in Frameworks */ = {isa = PBXBuildFile; fileRef = 60B5BA2B5E4852D53169BAB0 /* Pods_CFB.framework */; };
/* End PBXBuildFile section */

/* Begin PBXFileReference section */
		60B5BA2B5E4852D53169BAB0 /* Pods_CFB.framework */ = {isa = PBXFileReference; explicitFileType = wrapper.framework; includeInIndex = 0; path = Pods_CFB.framework; sourceTree = BUILT_PRODUCTS_DIR; };
		7E0E354F9FFE94CD4AFD8540 /* Pods-CFB.debug.xcconfig */ = {isa = PBXFileReference; includeInIndex = 1; lastKnownFileType = text.xcconfig; name = "Pods-CFB.debug.xcconfig"; path = "Pods/Target Support Files/Pods-CFB/Pods-CFB.debug.xcconfig"; sourceTree = "<group>"; };
		7F0829F5201D9EBA008719EC /* CFB.app */ = {isa = PBXFileReference; explicitFileType = wrapper.application; includeInIndex = 0; path = CFB.app; sourceTree = BUILT_PRODUCTS_DIR; };
		7F0829F8201D9EBA008719EC /* AppDelegate.swift */ = {isa = PBXFileReference; lastKnownFileType = sourcecode.swift; path = AppDelegate.swift; sourceTree = "<group>"; };
		7F0829FA201D9EBA008719EC /* ViewController.swift */ = {isa = PBXFileReference; lastKnownFileType = sourcecode.swift; path = ViewController.swift; sourceTree = "<group>"; };
		7F0829FD201D9EBA008719EC /* Base */ = {isa = PBXFileReference; lastKnownFileType = file.storyboard; name = Base; path = Base.lproj/Main.storyboard; sourceTree = "<group>"; };
		7F0829FF201D9EBA008719EC /* Assets.xcassets */ = {isa = PBXFileReference; lastKnownFileType = folder.assetcatalog; path = Assets.xcassets; sourceTree = "<group>"; };
		7F082A02201D9EBA008719EC /* Base */ = {isa = PBXFileReference; lastKnownFileType = file.storyboard; name = Base; path = Base.lproj/LaunchScreen.storyboard; sourceTree = "<group>"; };
		7F082A04201D9EBA008719EC /* Info.plist */ = {isa = PBXFileReference; lastKnownFileType = text.plist.xml; path = Info.plist; sourceTree = "<group>"; };
		7F082A0A201DC6E0008719EC /* ZLSwipeableViewSwift.framework */ = {isa = PBXFileReference; lastKnownFileType = wrapper.framework; name = ZLSwipeableViewSwift.framework; path = Carthage/Build/iOS/ZLSwipeableViewSwift.framework; sourceTree = "<group>"; };
		7F082A0C201DC7D7008719EC /* CardView.swift */ = {isa = PBXFileReference; lastKnownFileType = sourcecode.swift; path = CardView.swift; sourceTree = "<group>"; };
		7F082A0E201DC856008719EC /* ZLSwipeableViewSwift.framework.dSYM */ = {isa = PBXFileReference; lastKnownFileType = wrapper.dsym; name = ZLSwipeableViewSwift.framework.dSYM; path = Carthage/Build/iOS/ZLSwipeableViewSwift.framework.dSYM; sourceTree = "<group>"; };
		7F082A14201E8D1E008719EC /* ProfileView.xib */ = {isa = PBXFileReference; lastKnownFileType = file.xib; path = ProfileView.xib; sourceTree = "<group>"; };
		7F082A16201E9B7F008719EC /* Model.swift */ = {isa = PBXFileReference; lastKnownFileType = sourcecode.swift; path = Model.swift; sourceTree = "<group>"; };
		7F082A18201E9B9D008719EC /* team.json */ = {isa = PBXFileReference; fileEncoding = 4; lastKnownFileType = text.json; path = team.json; sourceTree = "<group>"; };
		7F082A1A201E9DF7008719EC /* ProfileView.swift */ = {isa = PBXFileReference; lastKnownFileType = sourcecode.swift; path = ProfileView.swift; sourceTree = "<group>"; };
		7FD0467A202176270023FA6B /* BackView.xib */ = {isa = PBXFileReference; lastKnownFileType = file.xib; path = BackView.xib; sourceTree = "<group>"; };
		7FD0467C20217A520023FA6B /* BackCardView.swift */ = {isa = PBXFileReference; lastKnownFileType = sourcecode.swift; path = BackCardView.swift; sourceTree = "<group>"; };
		94DED5FCF04A0A38206B8A76 /* Pods-CFB.release.xcconfig */ = {isa = PBXFileReference; includeInIndex = 1; lastKnownFileType = text.xcconfig; name = "Pods-CFB.release.xcconfig"; path = "Pods/Target Support Files/Pods-CFB/Pods-CFB.release.xcconfig"; sourceTree = "<group>"; };
/* End PBXFileReference section */

/* Begin PBXFrameworksBuildPhase section */
		7F0829F2201D9EBA008719EC /* Frameworks */ = {
			isa = PBXFrameworksBuildPhase;
			buildActionMask = 2147483647;
			files = (
				7F082A0B201DC6E0008719EC /* ZLSwipeableViewSwift.framework in Frameworks */,
				948AFA6B47AB53B0BC65FD95 /* Pods_CFB.framework in Frameworks */,
			);
			runOnlyForDeploymentPostprocessing = 0;
		};
/* End PBXFrameworksBuildPhase section */

/* Begin PBXGroup section */
		0FA5DD123CD5ADC2720B2676 /* Pods */ = {
			isa = PBXGroup;
			children = (
				7E0E354F9FFE94CD4AFD8540 /* Pods-CFB.debug.xcconfig */,
				94DED5FCF04A0A38206B8A76 /* Pods-CFB.release.xcconfig */,
			);
			name = Pods;
			sourceTree = "<group>";
		};
		7712E8191714321FD9CF7023 /* Frameworks */ = {
			isa = PBXGroup;
			children = (
				7F082A0E201DC856008719EC /* ZLSwipeableViewSwift.framework.dSYM */,
				7F082A0A201DC6E0008719EC /* ZLSwipeableViewSwift.framework */,
				60B5BA2B5E4852D53169BAB0 /* Pods_CFB.framework */,
			);
			name = Frameworks;
			sourceTree = "<group>";
		};
		7F0829EC201D9EBA008719EC = {
			isa = PBXGroup;
			children = (
				7F082A16201E9B7F008719EC /* Model.swift */,
				7F082A18201E9B9D008719EC /* team.json */,
				7F0829F7201D9EBA008719EC /* CFB */,
				7F0829F6201D9EBA008719EC /* Products */,
				0FA5DD123CD5ADC2720B2676 /* Pods */,
				7712E8191714321FD9CF7023 /* Frameworks */,
			);
			sourceTree = "<group>";
		};
		7F0829F6201D9EBA008719EC /* Products */ = {
			isa = PBXGroup;
			children = (
				7F0829F5201D9EBA008719EC /* CFB.app */,
			);
			name = Products;
			sourceTree = "<group>";
		};
		7F0829F7201D9EBA008719EC /* CFB */ = {
			isa = PBXGroup;
			children = (
				7F082A11201E8C8E008719EC /* View */,
				7F0829F8201D9EBA008719EC /* AppDelegate.swift */,
				7F0829FA201D9EBA008719EC /* ViewController.swift */,
				7F0829FC201D9EBA008719EC /* Main.storyboard */,
				7F0829FF201D9EBA008719EC /* Assets.xcassets */,
				7F082A01201D9EBA008719EC /* LaunchScreen.storyboard */,
				7F082A04201D9EBA008719EC /* Info.plist */,
				7F082A0C201DC7D7008719EC /* CardView.swift */,
			);
			path = CFB;
			sourceTree = "<group>";
		};
		7F082A11201E8C8E008719EC /* View */ = {
			isa = PBXGroup;
			children = (
				7FD04679202175DB0023FA6B /* BackOfCard */,
				7F082A14201E8D1E008719EC /* ProfileView.xib */,
				7F082A1A201E9DF7008719EC /* ProfileView.swift */,
			);
			path = View;
			sourceTree = "<group>";
		};
		7FD04679202175DB0023FA6B /* BackOfCard */ = {
			isa = PBXGroup;
			children = (
				7FD0467A202176270023FA6B /* BackView.xib */,
				7FD0467C20217A520023FA6B /* BackCardView.swift */,
			);
			path = BackOfCard;
			sourceTree = "<group>";
		};
/* End PBXGroup section */

/* Begin PBXNativeTarget section */
		7F0829F4201D9EBA008719EC /* CFB */ = {
			isa = PBXNativeTarget;
			buildConfigurationList = 7F082A07201D9EBA008719EC /* Build configuration list for PBXNativeTarget "CFB" */;
			buildPhases = (
				269F047F772D7CC9730BBBA2 /* [CP] Check Pods Manifest.lock */,
				7F0829F1201D9EBA008719EC /* Sources */,
				7F0829F2201D9EBA008719EC /* Frameworks */,
				7F0829F3201D9EBA008719EC /* Resources */,
				2B8081B9B687DD51CA6AEB63 /* [CP] Embed Pods Frameworks */,
				405DDDEC5FE4EFC3E9FFFA33 /* [CP] Copy Pods Resources */,
				7F082A10201DC9BF008719EC /* ShellScript */,
			);
			buildRules = (
			);
			dependencies = (
			);
			name = CFB;
			productName = CFB;
			productReference = 7F0829F5201D9EBA008719EC /* CFB.app */;
			productType = "com.apple.product-type.application";
		};
/* End PBXNativeTarget section */

/* Begin PBXProject section */
		7F0829ED201D9EBA008719EC /* Project object */ = {
			isa = PBXProject;
			attributes = {
				LastSwiftUpdateCheck = 0920;
				LastUpgradeCheck = 0920;
				ORGANIZATIONNAME = "Michael Ardizzone";
				TargetAttributes = {
					7F0829F4201D9EBA008719EC = {
						CreatedOnToolsVersion = 9.2;
						ProvisioningStyle = Automatic;
					};
				};
			};
			buildConfigurationList = 7F0829F0201D9EBA008719EC /* Build configuration list for PBXProject "CFB" */;
			compatibilityVersion = "Xcode 8.0";
			developmentRegion = en;
			hasScannedForEncodings = 0;
			knownRegions = (
				en,
				Base,
			);
			mainGroup = 7F0829EC201D9EBA008719EC;
			productRefGroup = 7F0829F6201D9EBA008719EC /* Products */;
			projectDirPath = "";
			projectRoot = "";
			targets = (
				7F0829F4201D9EBA008719EC /* CFB */,
			);
		};
/* End PBXProject section */

/* Begin PBXResourcesBuildPhase section */
		7F0829F3201D9EBA008719EC /* Resources */ = {
			isa = PBXResourcesBuildPhase;
			buildActionMask = 2147483647;
			files = (
				7F082A15201E8D1E008719EC /* ProfileView.xib in Resources */,
				7FD0467B202176270023FA6B /* BackView.xib in Resources */,
				7F082A03201D9EBA008719EC /* LaunchScreen.storyboard in Resources */,
				7F082A19201E9B9D008719EC /* team.json in Resources */,
				7F082A00201D9EBA008719EC /* Assets.xcassets in Resources */,
				7F0829FE201D9EBA008719EC /* Main.storyboard in Resources */,
			);
			runOnlyForDeploymentPostprocessing = 0;
		};
/* End PBXResourcesBuildPhase section */

/* Begin PBXShellScriptBuildPhase section */
		269F047F772D7CC9730BBBA2 /* [CP] Check Pods Manifest.lock */ = {
			isa = PBXShellScriptBuildPhase;
			buildActionMask = 2147483647;
			files = (
			);
			inputPaths = (
			);
			name = "[CP] Check Pods Manifest.lock";
			outputPaths = (
			);
			runOnlyForDeploymentPostprocessing = 0;
			shellPath = /bin/sh;
			shellScript = "diff \"${PODS_ROOT}/../Podfile.lock\" \"${PODS_ROOT}/Manifest.lock\" > /dev/null\nif [ $? != 0 ] ; then\n    # print error to STDERR\n    echo \"error: The sandbox is not in sync with the Podfile.lock. Run 'pod install' or update your CocoaPods installation.\" >&2\n    exit 1\nfi\n";
			showEnvVarsInLog = 0;
		};
		2B8081B9B687DD51CA6AEB63 /* [CP] Embed Pods Frameworks */ = {
			isa = PBXShellScriptBuildPhase;
			buildActionMask = 2147483647;
			files = (
			);
			inputPaths = (
			);
			name = "[CP] Embed Pods Frameworks";
			outputPaths = (
			);
			runOnlyForDeploymentPostprocessing = 0;
			shellPath = /bin/sh;
			shellScript = "\"${SRCROOT}/Pods/Target Support Files/Pods-CFB/Pods-CFB-frameworks.sh\"\n";
			showEnvVarsInLog = 0;
		};
		405DDDEC5FE4EFC3E9FFFA33 /* [CP] Copy Pods Resources */ = {
			isa = PBXShellScriptBuildPhase;
			buildActionMask = 2147483647;
			files = (
			);
			inputPaths = (
			);
			name = "[CP] Copy Pods Resources";
			outputPaths = (
			);
			runOnlyForDeploymentPostprocessing = 0;
			shellPath = /bin/sh;
			shellScript = "\"${SRCROOT}/Pods/Target Support Files/Pods-CFB/Pods-CFB-resources.sh\"\n";
			showEnvVarsInLog = 0;
		};
		7F082A10201DC9BF008719EC /* ShellScript */ = {
			isa = PBXShellScriptBuildPhase;
			buildActionMask = 2147483647;
			files = (
			);
			inputPaths = (
				"$(SRCROOT)/Carthage/Build/iOS/ZLSwipeableViewSwift.framework",
			);
			outputPaths = (
			);
			runOnlyForDeploymentPostprocessing = 0;
			shellPath = /bin/sh;
			shellScript = "/usr/local/bin/carthage copy-frameworks";
		};
/* End PBXShellScriptBuildPhase section */

/* Begin PBXSourcesBuildPhase section */
		7F0829F1201D9EBA008719EC /* Sources */ = {
			isa = PBXSourcesBuildPhase;
			buildActionMask = 2147483647;
			files = (
				7F0829FB201D9EBA008719EC /* ViewController.swift in Sources */,
				7FD0467D20217A520023FA6B /* BackCardView.swift in Sources */,
				7F082A0D201DC7D7008719EC /* CardView.swift in Sources */,
				7F082A1B201E9DF7008719EC /* ProfileView.swift in Sources */,
				7F0829F9201D9EBA008719EC /* AppDelegate.swift in Sources */,
				7F082A17201E9B7F008719EC /* Model.swift in Sources */,
			);
			runOnlyForDeploymentPostprocessing = 0;
		};
/* End PBXSourcesBuildPhase section */

/* Begin PBXVariantGroup section */
		7F0829FC201D9EBA008719EC /* Main.storyboard */ = {
			isa = PBXVariantGroup;
			children = (
				7F0829FD201D9EBA008719EC /* Base */,
			);
			name = Main.storyboard;
			sourceTree = "<group>";
		};
		7F082A01201D9EBA008719EC /* LaunchScreen.storyboard */ = {
			isa = PBXVariantGroup;
			children = (
				7F082A02201D9EBA008719EC /* Base */,
			);
			name = LaunchScreen.storyboard;
			sourceTree = "<group>";
		};
/* End PBXVariantGroup section */

/* Begin XCBuildConfiguration section */
		7F082A05201D9EBA008719EC /* Debug */ = {
			isa = XCBuildConfiguration;
			buildSettings = {
				ALWAYS_SEARCH_USER_PATHS = NO;
				CLANG_ANALYZER_NONNULL = YES;
				CLANG_ANALYZER_NUMBER_OBJECT_CONVERSION = YES_AGGRESSIVE;
				CLANG_CXX_LANGUAGE_STANDARD = "gnu++14";
				CLANG_CXX_LIBRARY = "libc++";
				CLANG_ENABLE_MODULES = YES;
				CLANG_ENABLE_OBJC_ARC = YES;
				CLANG_WARN_BLOCK_CAPTURE_AUTORELEASING = YES;
				CLANG_WARN_BOOL_CONVERSION = YES;
				CLANG_WARN_COMMA = YES;
				CLANG_WARN_CONSTANT_CONVERSION = YES;
				CLANG_WARN_DIRECT_OBJC_ISA_USAGE = YES_ERROR;
				CLANG_WARN_DOCUMENTATION_COMMENTS = YES;
				CLANG_WARN_EMPTY_BODY = YES;
				CLANG_WARN_ENUM_CONVERSION = YES;
				CLANG_WARN_INFINITE_RECURSION = YES;
				CLANG_WARN_INT_CONVERSION = YES;
				CLANG_WARN_NON_LITERAL_NULL_CONVERSION = YES;
				CLANG_WARN_OBJC_LITERAL_CONVERSION = YES;
				CLANG_WARN_OBJC_ROOT_CLASS = YES_ERROR;
				CLANG_WARN_RANGE_LOOP_ANALYSIS = YES;
				CLANG_WARN_STRICT_PROTOTYPES = YES;
				CLANG_WARN_SUSPICIOUS_MOVE = YES;
				CLANG_WARN_UNGUARDED_AVAILABILITY = YES_AGGRESSIVE;
				CLANG_WARN_UNREACHABLE_CODE = YES;
				CLANG_WARN__DUPLICATE_METHOD_MATCH = YES;
				CODE_SIGN_IDENTITY = "iPhone Developer";
				COPY_PHASE_STRIP = NO;
				DEBUG_INFORMATION_FORMAT = dwarf;
				ENABLE_STRICT_OBJC_MSGSEND = YES;
				ENABLE_TESTABILITY = YES;
				GCC_C_LANGUAGE_STANDARD = gnu11;
				GCC_DYNAMIC_NO_PIC = NO;
				GCC_NO_COMMON_BLOCKS = YES;
				GCC_OPTIMIZATION_LEVEL = 0;
				GCC_PREPROCESSOR_DEFINITIONS = (
					"DEBUG=1",
					"$(inherited)",
				);
				GCC_WARN_64_TO_32_BIT_CONVERSION = YES;
				GCC_WARN_ABOUT_RETURN_TYPE = YES_ERROR;
				GCC_WARN_UNDECLARED_SELECTOR = YES;
				GCC_WARN_UNINITIALIZED_AUTOS = YES_AGGRESSIVE;
				GCC_WARN_UNUSED_FUNCTION = YES;
				GCC_WARN_UNUSED_VARIABLE = YES;
				IPHONEOS_DEPLOYMENT_TARGET = 11.2;
				MTL_ENABLE_DEBUG_INFO = YES;
				ONLY_ACTIVE_ARCH = YES;
				SDKROOT = iphoneos;
				SWIFT_ACTIVE_COMPILATION_CONDITIONS = DEBUG;
				SWIFT_OPTIMIZATION_LEVEL = "-Onone";
			};
			name = Debug;
		};
		7F082A06201D9EBA008719EC /* Release */ = {
			isa = XCBuildConfiguration;
			buildSettings = {
				ALWAYS_SEARCH_USER_PATHS = NO;
				CLANG_ANALYZER_NONNULL = YES;
				CLANG_ANALYZER_NUMBER_OBJECT_CONVERSION = YES_AGGRESSIVE;
				CLANG_CXX_LANGUAGE_STANDARD = "gnu++14";
				CLANG_CXX_LIBRARY = "libc++";
				CLANG_ENABLE_MODULES = YES;
				CLANG_ENABLE_OBJC_ARC = YES;
				CLANG_WARN_BLOCK_CAPTURE_AUTORELEASING = YES;
				CLANG_WARN_BOOL_CONVERSION = YES;
				CLANG_WARN_COMMA = YES;
				CLANG_WARN_CONSTANT_CONVERSION = YES;
				CLANG_WARN_DIRECT_OBJC_ISA_USAGE = YES_ERROR;
				CLANG_WARN_DOCUMENTATION_COMMENTS = YES;
				CLANG_WARN_EMPTY_BODY = YES;
				CLANG_WARN_ENUM_CONVERSION = YES;
				CLANG_WARN_INFINITE_RECURSION = YES;
				CLANG_WARN_INT_CONVERSION = YES;
				CLANG_WARN_NON_LITERAL_NULL_CONVERSION = YES;
				CLANG_WARN_OBJC_LITERAL_CONVERSION = YES;
				CLANG_WARN_OBJC_ROOT_CLASS = YES_ERROR;
				CLANG_WARN_RANGE_LOOP_ANALYSIS = YES;
				CLANG_WARN_STRICT_PROTOTYPES = YES;
				CLANG_WARN_SUSPICIOUS_MOVE = YES;
				CLANG_WARN_UNGUARDED_AVAILABILITY = YES_AGGRESSIVE;
				CLANG_WARN_UNREACHABLE_CODE = YES;
				CLANG_WARN__DUPLICATE_METHOD_MATCH = YES;
				CODE_SIGN_IDENTITY = "iPhone Developer";
				COPY_PHASE_STRIP = NO;
				DEBUG_INFORMATION_FORMAT = "dwarf-with-dsym";
				ENABLE_NS_ASSERTIONS = NO;
				ENABLE_STRICT_OBJC_MSGSEND = YES;
				GCC_C_LANGUAGE_STANDARD = gnu11;
				GCC_NO_COMMON_BLOCKS = YES;
				GCC_WARN_64_TO_32_BIT_CONVERSION = YES;
				GCC_WARN_ABOUT_RETURN_TYPE = YES_ERROR;
				GCC_WARN_UNDECLARED_SELECTOR = YES;
				GCC_WARN_UNINITIALIZED_AUTOS = YES_AGGRESSIVE;
				GCC_WARN_UNUSED_FUNCTION = YES;
				GCC_WARN_UNUSED_VARIABLE = YES;
				IPHONEOS_DEPLOYMENT_TARGET = 11.2;
				MTL_ENABLE_DEBUG_INFO = NO;
				SDKROOT = iphoneos;
				SWIFT_OPTIMIZATION_LEVEL = "-Owholemodule";
				VALIDATE_PRODUCT = YES;
			};
			name = Release;
		};
		7F082A08201D9EBA008719EC /* Debug */ = {
			isa = XCBuildConfiguration;
			baseConfigurationReference = 7E0E354F9FFE94CD4AFD8540 /* Pods-CFB.debug.xcconfig */;
			buildSettings = {
				ASSETCATALOG_COMPILER_APPICON_NAME = AppIcon;
				CODE_SIGN_STYLE = Automatic;
				DEVELOPMENT_TEAM = 59PJQG777R;
				FRAMEWORK_SEARCH_PATHS = (
					"$(inherited)",
					"$(PROJECT_DIR)/Carthage/Build/iOS",
				);
				INFOPLIST_FILE = CFB/Info.plist;
				LD_RUNPATH_SEARCH_PATHS = "$(inherited) @executable_path/Frameworks";
				PRODUCT_BUNDLE_IDENTIFIER = com.ArdizLabs.CFB;
				PRODUCT_NAME = "$(TARGET_NAME)";
				SWIFT_VERSION = 4.0;
				SYSTEM_FRAMEWORK_SEARCH_PATHS = "$(SRCROOT)/**";
				TARGETED_DEVICE_FAMILY = "1,2";
			};
			name = Debug;
		};
		7F082A09201D9EBA008719EC /* Release */ = {
			isa = XCBuildConfiguration;
			baseConfigurationReference = 94DED5FCF04A0A38206B8A76 /* Pods-CFB.release.xcconfig */;
			buildSettings = {
				ASSETCATALOG_COMPILER_APPICON_NAME = AppIcon;
				CODE_SIGN_STYLE = Automatic;
				DEVELOPMENT_TEAM = 59PJQG777R;
				FRAMEWORK_SEARCH_PATHS = (
					"$(inherited)",
					"$(PROJECT_DIR)/Carthage/Build/iOS",
				);
				INFOPLIST_FILE = CFB/Info.plist;
				LD_RUNPATH_SEARCH_PATHS = "$(inherited) @executable_path/Frameworks";
				PRODUCT_BUNDLE_IDENTIFIER = com.ArdizLabs.CFB;
				PRODUCT_NAME = "$(TARGET_NAME)";
				SWIFT_VERSION = 4.0;
				SYSTEM_FRAMEWORK_SEARCH_PATHS = "$(SRCROOT)/**";
				TARGETED_DEVICE_FAMILY = "1,2";
			};
			name = Release;
		};
/* End XCBuildConfiguration section */

/* Begin XCConfigurationList section */
		7F0829F0201D9EBA008719EC /* Build configuration list for PBXProject "CFB" */ = {
			isa = XCConfigurationList;
			buildConfigurations = (
				7F082A05201D9EBA008719EC /* Debug */,
				7F082A06201D9EBA008719EC /* Release */,
			);
			defaultConfigurationIsVisible = 0;
			defaultConfigurationName = Release;
		};
		7F082A07201D9EBA008719EC /* Build configuration list for PBXNativeTarget "CFB" */ = {
			isa = XCConfigurationList;
			buildConfigurations = (
				7F082A08201D9EBA008719EC /* Debug */,
				7F082A09201D9EBA008719EC /* Release */,
			);
			defaultConfigurationIsVisible = 0;
			defaultConfigurationName = Release;
		};
/* End XCConfigurationList section */
	};
	rootObject = 7F0829ED201D9EBA008719EC /* Project object */;
}
